// !$*UTF8*$!
{
	archiveVersion = 1;
	classes = {
	};
	objectVersion = 46;
	objects = {

/* Begin PBXBuildFile section */
		3C02AEE01FA30B5D0053C191 /* SOEmptyCell.swift in Sources */ = {isa = PBXBuildFile; fileRef = 3C02AEDF1FA30B5D0053C191 /* SOEmptyCell.swift */; };
		3C130A391E66241C0052FBD0 /* SOAlertView.swift in Sources */ = {isa = PBXBuildFile; fileRef = 3C130A381E66241C0052FBD0 /* SOAlertView.swift */; };
		3C130A3C1E66342E0052FBD0 /* PropertiesViewController.swift in Sources */ = {isa = PBXBuildFile; fileRef = 3C130A3B1E66342E0052FBD0 /* PropertiesViewController.swift */; };
		3C130A3E1E66344D0052FBD0 /* PropertySection.swift in Sources */ = {isa = PBXBuildFile; fileRef = 3C130A3D1E66344D0052FBD0 /* PropertySection.swift */; };
		3C130A431E6634E20052FBD0 /* Property.swift in Sources */ = {isa = PBXBuildFile; fileRef = 3C130A421E6634E20052FBD0 /* Property.swift */; };
		3C130A451E6634ED0052FBD0 /* TextProperty.swift in Sources */ = {isa = PBXBuildFile; fileRef = 3C130A441E6634ED0052FBD0 /* TextProperty.swift */; };
		3C130A471E6635420052FBD0 /* PropertyAction.swift in Sources */ = {isa = PBXBuildFile; fileRef = 3C130A461E6635420052FBD0 /* PropertyAction.swift */; };
		3C130A491E66357D0052FBD0 /* Properties.swift in Sources */ = {isa = PBXBuildFile; fileRef = 3C130A481E66357D0052FBD0 /* Properties.swift */; };
		3C130A4C1E66363D0052FBD0 /* PropertyCell.swift in Sources */ = {isa = PBXBuildFile; fileRef = 3C130A4B1E66363D0052FBD0 /* PropertyCell.swift */; };
		3C130A4E1E6636EB0052FBD0 /* PropertyCellRight.swift in Sources */ = {isa = PBXBuildFile; fileRef = 3C130A4D1E6636EB0052FBD0 /* PropertyCellRight.swift */; };
		3C130A501E6644E40052FBD0 /* PropertyCellSubtitle.swift in Sources */ = {isa = PBXBuildFile; fileRef = 3C130A4F1E6644E40052FBD0 /* PropertyCellSubtitle.swift */; };
		3C130A521E6644F50052FBD0 /* PropertyCellToggle.swift in Sources */ = {isa = PBXBuildFile; fileRef = 3C130A511E6644F50052FBD0 /* PropertyCellToggle.swift */; };
		3C130A541E6645040052FBD0 /* PropertyCellText.swift in Sources */ = {isa = PBXBuildFile; fileRef = 3C130A531E6645040052FBD0 /* PropertyCellText.swift */; };
		3C38EF9A1E58032C001E6955 /* OverlayTransition.swift in Sources */ = {isa = PBXBuildFile; fileRef = 3C38EF991E58032C001E6955 /* OverlayTransition.swift */; };
		3C38EF9E1E582C77001E6955 /* UIViewController+Empty.swift in Sources */ = {isa = PBXBuildFile; fileRef = 3C38EF9D1E582C77001E6955 /* UIViewController+Empty.swift */; };
		3C66F7701F1E937900284ED4 /* Themes.swift in Sources */ = {isa = PBXBuildFile; fileRef = 3C06B6AF1F1E8F620033956D /* Themes.swift */; };
		3C6BFB431F0E6A8200D938EC /* UIViewController+CheckDeallocation.swift in Sources */ = {isa = PBXBuildFile; fileRef = 3C6BFB421F0E6A8200D938EC /* UIViewController+CheckDeallocation.swift */; };
		3C7051F21F68B6E600B139B7 /* SOCollectionReusableView.swift in Sources */ = {isa = PBXBuildFile; fileRef = 3C7051F11F68B6E600B139B7 /* SOCollectionReusableView.swift */; };
		3C9135CB1F1E9C6F00523334 /* SOTableViewController.swift in Sources */ = {isa = PBXBuildFile; fileRef = 3C9135CA1F1E9C6F00523334 /* SOTableViewController.swift */; };
		3CC722021F1FBCA600CFDC1A /* AcknowledgementsViewController.swift in Sources */ = {isa = PBXBuildFile; fileRef = 3CC722011F1FBCA600CFDC1A /* AcknowledgementsViewController.swift */; };
		3CD1360E1FB3FF1B00490FDA /* NSLayoutConstraint+Custom.swift in Sources */ = {isa = PBXBuildFile; fileRef = 3CD1360D1FB3FF1B00490FDA /* NSLayoutConstraint+Custom.swift */; };
		3CECC0A91FAAC5D6002E44D5 /* DraggableSplitViewController.swift in Sources */ = {isa = PBXBuildFile; fileRef = 3CECC0A81FAAC5D5002E44D5 /* DraggableSplitViewController.swift */; };
		3CF3ACF51E9F317800922D03 /* SOSearchFilterView.swift in Sources */ = {isa = PBXBuildFile; fileRef = 3CF3ACF41E9F317800922D03 /* SOSearchFilterView.swift */; };
		3CF5EE6E1E450F11002E23FF /* TabViewController.swift in Sources */ = {isa = PBXBuildFile; fileRef = 3CF5EE6D1E450F11002E23FF /* TabViewController.swift */; };
		3CF5EE701E45103E002E23FF /* Assets.xcassets in Resources */ = {isa = PBXBuildFile; fileRef = 3CF5EE6F1E45103E002E23FF /* Assets.xcassets */; };
		3CF828C31E4138F00075EF2B /* UserInterface.framework in Frameworks */ = {isa = PBXBuildFile; fileRef = 3CF828B91E4138F00075EF2B /* UserInterface.framework */; };
		3CF828C81E4138F00075EF2B /* InterfaceTests.swift in Sources */ = {isa = PBXBuildFile; fileRef = 3CF828C71E4138F00075EF2B /* InterfaceTests.swift */; };
		3CF8290E1E4140D90075EF2B /* UIBarButtonItem+Custom.swift in Sources */ = {isa = PBXBuildFile; fileRef = 3CF829031E4140D90075EF2B /* UIBarButtonItem+Custom.swift */; };
		3CF8290F1E4140D90075EF2B /* UICollectionView+Custom.swift in Sources */ = {isa = PBXBuildFile; fileRef = 3CF829041E4140D90075EF2B /* UICollectionView+Custom.swift */; };
		3CF829101E4140D90075EF2B /* UIColor+Custom.swift in Sources */ = {isa = PBXBuildFile; fileRef = 3CF829051E4140D90075EF2B /* UIColor+Custom.swift */; };
		3CF829111E4140D90075EF2B /* UIImage+Custom.swift in Sources */ = {isa = PBXBuildFile; fileRef = 3CF829061E4140D90075EF2B /* UIImage+Custom.swift */; };
		3CF829121E4140D90075EF2B /* SONavigationController.swift in Sources */ = {isa = PBXBuildFile; fileRef = 3CF829071E4140D90075EF2B /* SONavigationController.swift */; };
		3CF829131E4140D90075EF2B /* UITableView+Custom.swift in Sources */ = {isa = PBXBuildFile; fileRef = 3CF829081E4140D90075EF2B /* UITableView+Custom.swift */; };
		3CF829141E4140D90075EF2B /* UIView+Custom.swift in Sources */ = {isa = PBXBuildFile; fileRef = 3CF829091E4140D90075EF2B /* UIView+Custom.swift */; };
		3CF829151E4140D90075EF2B /* UIViewController+Custom.swift in Sources */ = {isa = PBXBuildFile; fileRef = 3CF8290A1E4140D90075EF2B /* UIViewController+Custom.swift */; };
		3CF829161E4140D90075EF2B /* UIViewController+ProgressHUD.swift in Sources */ = {isa = PBXBuildFile; fileRef = 3CF8290C1E4140D90075EF2B /* UIViewController+ProgressHUD.swift */; };
		3CF8291A1E41410D0075EF2B /* SOTransitionController.swift in Sources */ = {isa = PBXBuildFile; fileRef = 3CF829181E41410D0075EF2B /* SOTransitionController.swift */; };
		3CF8291B1E41410D0075EF2B /* ZoomTransition.swift in Sources */ = {isa = PBXBuildFile; fileRef = 3CF829191E41410D0075EF2B /* ZoomTransition.swift */; };
		3CF8291E1E4141510075EF2B /* SOBarButtonItem.swift in Sources */ = {isa = PBXBuildFile; fileRef = 3CF8291D1E4141510075EF2B /* SOBarButtonItem.swift */; };
		3CF829271E41423A0075EF2B /* SOBorderedActionButton.swift in Sources */ = {isa = PBXBuildFile; fileRef = 3CF8291F1E41423A0075EF2B /* SOBorderedActionButton.swift */; };
		3CF829281E41423A0075EF2B /* SOCollectionHeaderView.swift in Sources */ = {isa = PBXBuildFile; fileRef = 3CF829201E41423A0075EF2B /* SOCollectionHeaderView.swift */; };
		3CF8292A1E41423A0075EF2B /* SOCollectionViewFlowLayout.swift in Sources */ = {isa = PBXBuildFile; fileRef = 3CF829221E41423A0075EF2B /* SOCollectionViewFlowLayout.swift */; };
		3CF8292B1E41423A0075EF2B /* SOCollectionViewHolderCell.swift in Sources */ = {isa = PBXBuildFile; fileRef = 3CF829231E41423A0075EF2B /* SOCollectionViewHolderCell.swift */; };
		3CF8292C1E41423A0075EF2B /* SOFullscreenTitleView.swift in Sources */ = {isa = PBXBuildFile; fileRef = 3CF829241E41423A0075EF2B /* SOFullscreenTitleView.swift */; };
		3CF8292D1E41423A0075EF2B /* SORoundedButtonCell.swift in Sources */ = {isa = PBXBuildFile; fileRef = 3CF829251E41423A0075EF2B /* SORoundedButtonCell.swift */; };
		3CF829351E41430E0075EF2B /* SOCollectionViewCell.swift in Sources */ = {isa = PBXBuildFile; fileRef = 3CF829341E41430E0075EF2B /* SOCollectionViewCell.swift */; };
		3CF829371E4143110075EF2B /* SOTableViewCell.swift in Sources */ = {isa = PBXBuildFile; fileRef = 3CF829361E4143110075EF2B /* SOTableViewCell.swift */; };
		3CF8293A1E41450B0075EF2B /* SOViewController.swift in Sources */ = {isa = PBXBuildFile; fileRef = 3CF829391E41450B0075EF2B /* SOViewController.swift */; };
		3CF8293E1E4147EB0075EF2B /* PickerAlertController.swift in Sources */ = {isa = PBXBuildFile; fileRef = 3CF8293D1E4147EB0075EF2B /* PickerAlertController.swift */; };
/* End PBXBuildFile section */

/* Begin PBXContainerItemProxy section */
		3CF828C41E4138F00075EF2B /* PBXContainerItemProxy */ = {
			isa = PBXContainerItemProxy;
			containerPortal = 3CF828B01E4138F00075EF2B /* Project object */;
			proxyType = 1;
			remoteGlobalIDString = 3CF828B81E4138F00075EF2B;
			remoteInfo = Interface;
		};
/* End PBXContainerItemProxy section */

/* Begin PBXFileReference section */
		3C02AEDF1FA30B5D0053C191 /* SOEmptyCell.swift */ = {isa = PBXFileReference; lastKnownFileType = sourcecode.swift; path = SOEmptyCell.swift; sourceTree = "<group>"; };
		3C06B6AF1F1E8F620033956D /* Themes.swift */ = {isa = PBXFileReference; lastKnownFileType = sourcecode.swift; path = Themes.swift; sourceTree = "<group>"; };
		3C130A381E66241C0052FBD0 /* SOAlertView.swift */ = {isa = PBXFileReference; fileEncoding = 4; lastKnownFileType = sourcecode.swift; path = SOAlertView.swift; sourceTree = "<group>"; };
		3C130A3B1E66342E0052FBD0 /* PropertiesViewController.swift */ = {isa = PBXFileReference; fileEncoding = 4; lastKnownFileType = sourcecode.swift; path = PropertiesViewController.swift; sourceTree = "<group>"; };
		3C130A3D1E66344D0052FBD0 /* PropertySection.swift */ = {isa = PBXFileReference; fileEncoding = 4; lastKnownFileType = sourcecode.swift; path = PropertySection.swift; sourceTree = "<group>"; };
		3C130A421E6634E20052FBD0 /* Property.swift */ = {isa = PBXFileReference; fileEncoding = 4; lastKnownFileType = sourcecode.swift; path = Property.swift; sourceTree = "<group>"; };
		3C130A441E6634ED0052FBD0 /* TextProperty.swift */ = {isa = PBXFileReference; fileEncoding = 4; lastKnownFileType = sourcecode.swift; path = TextProperty.swift; sourceTree = "<group>"; };
		3C130A461E6635420052FBD0 /* PropertyAction.swift */ = {isa = PBXFileReference; fileEncoding = 4; lastKnownFileType = sourcecode.swift; path = PropertyAction.swift; sourceTree = "<group>"; };
		3C130A481E66357D0052FBD0 /* Properties.swift */ = {isa = PBXFileReference; fileEncoding = 4; lastKnownFileType = sourcecode.swift; path = Properties.swift; sourceTree = "<group>"; };
		3C130A4B1E66363D0052FBD0 /* PropertyCell.swift */ = {isa = PBXFileReference; fileEncoding = 4; lastKnownFileType = sourcecode.swift; path = PropertyCell.swift; sourceTree = "<group>"; };
		3C130A4D1E6636EB0052FBD0 /* PropertyCellRight.swift */ = {isa = PBXFileReference; fileEncoding = 4; lastKnownFileType = sourcecode.swift; path = PropertyCellRight.swift; sourceTree = "<group>"; };
		3C130A4F1E6644E40052FBD0 /* PropertyCellSubtitle.swift */ = {isa = PBXFileReference; fileEncoding = 4; lastKnownFileType = sourcecode.swift; path = PropertyCellSubtitle.swift; sourceTree = "<group>"; };
		3C130A511E6644F50052FBD0 /* PropertyCellToggle.swift */ = {isa = PBXFileReference; fileEncoding = 4; lastKnownFileType = sourcecode.swift; path = PropertyCellToggle.swift; sourceTree = "<group>"; };
		3C130A531E6645040052FBD0 /* PropertyCellText.swift */ = {isa = PBXFileReference; fileEncoding = 4; lastKnownFileType = sourcecode.swift; path = PropertyCellText.swift; sourceTree = "<group>"; };
		3C38EF991E58032C001E6955 /* OverlayTransition.swift */ = {isa = PBXFileReference; fileEncoding = 4; lastKnownFileType = sourcecode.swift; path = OverlayTransition.swift; sourceTree = "<group>"; };
		3C38EF9D1E582C77001E6955 /* UIViewController+Empty.swift */ = {isa = PBXFileReference; fileEncoding = 4; lastKnownFileType = sourcecode.swift; path = "UIViewController+Empty.swift"; sourceTree = "<group>"; };
		3C6BFB421F0E6A8200D938EC /* UIViewController+CheckDeallocation.swift */ = {isa = PBXFileReference; lastKnownFileType = sourcecode.swift; path = "UIViewController+CheckDeallocation.swift"; sourceTree = "<group>"; };
		3C7051F11F68B6E600B139B7 /* SOCollectionReusableView.swift */ = {isa = PBXFileReference; lastKnownFileType = sourcecode.swift; path = SOCollectionReusableView.swift; sourceTree = "<group>"; };
		3C9135CA1F1E9C6F00523334 /* SOTableViewController.swift */ = {isa = PBXFileReference; lastKnownFileType = sourcecode.swift; path = SOTableViewController.swift; sourceTree = "<group>"; };
		3CC722011F1FBCA600CFDC1A /* AcknowledgementsViewController.swift */ = {isa = PBXFileReference; lastKnownFileType = sourcecode.swift; path = AcknowledgementsViewController.swift; sourceTree = "<group>"; };
		3CD1360D1FB3FF1B00490FDA /* NSLayoutConstraint+Custom.swift */ = {isa = PBXFileReference; lastKnownFileType = sourcecode.swift; path = "NSLayoutConstraint+Custom.swift"; sourceTree = "<group>"; };
		3CECC0A81FAAC5D5002E44D5 /* DraggableSplitViewController.swift */ = {isa = PBXFileReference; lastKnownFileType = sourcecode.swift; path = DraggableSplitViewController.swift; sourceTree = "<group>"; };
		3CECC0AA1FAAD5D9002E44D5 /* DraggableSplitViewController.playground */ = {isa = PBXFileReference; lastKnownFileType = file.playground; path = DraggableSplitViewController.playground; sourceTree = "<group>"; xcLanguageSpecificationIdentifier = xcode.lang.swift; };
		3CF3ACF41E9F317800922D03 /* SOSearchFilterView.swift */ = {isa = PBXFileReference; fileEncoding = 4; lastKnownFileType = sourcecode.swift; path = SOSearchFilterView.swift; sourceTree = "<group>"; };
		3CF5EE6D1E450F11002E23FF /* TabViewController.swift */ = {isa = PBXFileReference; fileEncoding = 4; lastKnownFileType = sourcecode.swift; path = TabViewController.swift; sourceTree = "<group>"; };
		3CF5EE6F1E45103E002E23FF /* Assets.xcassets */ = {isa = PBXFileReference; lastKnownFileType = folder.assetcatalog; path = Assets.xcassets; sourceTree = "<group>"; };
		3CF828B91E4138F00075EF2B /* UserInterface.framework */ = {isa = PBXFileReference; explicitFileType = wrapper.framework; includeInIndex = 0; path = UserInterface.framework; sourceTree = BUILT_PRODUCTS_DIR; };
		3CF828BD1E4138F00075EF2B /* Info.plist */ = {isa = PBXFileReference; lastKnownFileType = text.plist.xml; path = Info.plist; sourceTree = "<group>"; };
		3CF828C21E4138F00075EF2B /* UserInterfaceTests.xctest */ = {isa = PBXFileReference; explicitFileType = wrapper.cfbundle; includeInIndex = 0; path = UserInterfaceTests.xctest; sourceTree = BUILT_PRODUCTS_DIR; };
		3CF828C71E4138F00075EF2B /* InterfaceTests.swift */ = {isa = PBXFileReference; lastKnownFileType = sourcecode.swift; path = InterfaceTests.swift; sourceTree = "<group>"; };
		3CF828C91E4138F00075EF2B /* Info.plist */ = {isa = PBXFileReference; lastKnownFileType = text.plist.xml; path = Info.plist; sourceTree = "<group>"; };
		3CF829031E4140D90075EF2B /* UIBarButtonItem+Custom.swift */ = {isa = PBXFileReference; fileEncoding = 4; lastKnownFileType = sourcecode.swift; path = "UIBarButtonItem+Custom.swift"; sourceTree = "<group>"; };
		3CF829041E4140D90075EF2B /* UICollectionView+Custom.swift */ = {isa = PBXFileReference; fileEncoding = 4; lastKnownFileType = sourcecode.swift; path = "UICollectionView+Custom.swift"; sourceTree = "<group>"; };
		3CF829051E4140D90075EF2B /* UIColor+Custom.swift */ = {isa = PBXFileReference; fileEncoding = 4; lastKnownFileType = sourcecode.swift; path = "UIColor+Custom.swift"; sourceTree = "<group>"; };
		3CF829061E4140D90075EF2B /* UIImage+Custom.swift */ = {isa = PBXFileReference; fileEncoding = 4; lastKnownFileType = sourcecode.swift; path = "UIImage+Custom.swift"; sourceTree = "<group>"; };
		3CF829071E4140D90075EF2B /* SONavigationController.swift */ = {isa = PBXFileReference; fileEncoding = 4; lastKnownFileType = sourcecode.swift; path = SONavigationController.swift; sourceTree = "<group>"; };
		3CF829081E4140D90075EF2B /* UITableView+Custom.swift */ = {isa = PBXFileReference; fileEncoding = 4; lastKnownFileType = sourcecode.swift; path = "UITableView+Custom.swift"; sourceTree = "<group>"; };
		3CF829091E4140D90075EF2B /* UIView+Custom.swift */ = {isa = PBXFileReference; fileEncoding = 4; lastKnownFileType = sourcecode.swift; path = "UIView+Custom.swift"; sourceTree = "<group>"; };
		3CF8290A1E4140D90075EF2B /* UIViewController+Custom.swift */ = {isa = PBXFileReference; fileEncoding = 4; lastKnownFileType = sourcecode.swift; path = "UIViewController+Custom.swift"; sourceTree = "<group>"; };
		3CF8290B1E4140D90075EF2B /* UIViewController+ProgressHUD.playground */ = {isa = PBXFileReference; lastKnownFileType = file.playground; path = "UIViewController+ProgressHUD.playground"; sourceTree = "<group>"; };
		3CF8290C1E4140D90075EF2B /* UIViewController+ProgressHUD.swift */ = {isa = PBXFileReference; fileEncoding = 4; lastKnownFileType = sourcecode.swift; path = "UIViewController+ProgressHUD.swift"; sourceTree = "<group>"; };
		3CF829181E41410D0075EF2B /* SOTransitionController.swift */ = {isa = PBXFileReference; fileEncoding = 4; lastKnownFileType = sourcecode.swift; path = SOTransitionController.swift; sourceTree = "<group>"; };
		3CF829191E41410D0075EF2B /* ZoomTransition.swift */ = {isa = PBXFileReference; fileEncoding = 4; lastKnownFileType = sourcecode.swift; path = ZoomTransition.swift; sourceTree = "<group>"; };
		3CF8291D1E4141510075EF2B /* SOBarButtonItem.swift */ = {isa = PBXFileReference; fileEncoding = 4; lastKnownFileType = sourcecode.swift; path = SOBarButtonItem.swift; sourceTree = "<group>"; };
		3CF8291F1E41423A0075EF2B /* SOBorderedActionButton.swift */ = {isa = PBXFileReference; fileEncoding = 4; lastKnownFileType = sourcecode.swift; path = SOBorderedActionButton.swift; sourceTree = "<group>"; };
		3CF829201E41423A0075EF2B /* SOCollectionHeaderView.swift */ = {isa = PBXFileReference; fileEncoding = 4; lastKnownFileType = sourcecode.swift; path = SOCollectionHeaderView.swift; sourceTree = "<group>"; };
		3CF829221E41423A0075EF2B /* SOCollectionViewFlowLayout.swift */ = {isa = PBXFileReference; fileEncoding = 4; lastKnownFileType = sourcecode.swift; path = SOCollectionViewFlowLayout.swift; sourceTree = "<group>"; };
		3CF829231E41423A0075EF2B /* SOCollectionViewHolderCell.swift */ = {isa = PBXFileReference; fileEncoding = 4; lastKnownFileType = sourcecode.swift; path = SOCollectionViewHolderCell.swift; sourceTree = "<group>"; };
		3CF829241E41423A0075EF2B /* SOFullscreenTitleView.swift */ = {isa = PBXFileReference; fileEncoding = 4; lastKnownFileType = sourcecode.swift; path = SOFullscreenTitleView.swift; sourceTree = "<group>"; };
		3CF829251E41423A0075EF2B /* SORoundedButtonCell.swift */ = {isa = PBXFileReference; fileEncoding = 4; lastKnownFileType = sourcecode.swift; path = SORoundedButtonCell.swift; sourceTree = "<group>"; };
		3CF829341E41430E0075EF2B /* SOCollectionViewCell.swift */ = {isa = PBXFileReference; fileEncoding = 4; lastKnownFileType = sourcecode.swift; path = SOCollectionViewCell.swift; sourceTree = "<group>"; };
		3CF829361E4143110075EF2B /* SOTableViewCell.swift */ = {isa = PBXFileReference; fileEncoding = 4; lastKnownFileType = sourcecode.swift; path = SOTableViewCell.swift; sourceTree = "<group>"; };
		3CF829391E41450B0075EF2B /* SOViewController.swift */ = {isa = PBXFileReference; fileEncoding = 4; lastKnownFileType = sourcecode.swift; path = SOViewController.swift; sourceTree = "<group>"; };
		3CF8293D1E4147EB0075EF2B /* PickerAlertController.swift */ = {isa = PBXFileReference; fileEncoding = 4; lastKnownFileType = sourcecode.swift; path = PickerAlertController.swift; sourceTree = "<group>"; };
/* End PBXFileReference section */

/* Begin PBXFrameworksBuildPhase section */
		3CF828B51E4138F00075EF2B /* Frameworks */ = {
			isa = PBXFrameworksBuildPhase;
			buildActionMask = 2147483647;
			files = (
			);
			runOnlyForDeploymentPostprocessing = 0;
		};
		3CF828BF1E4138F00075EF2B /* Frameworks */ = {
			isa = PBXFrameworksBuildPhase;
			buildActionMask = 2147483647;
			files = (
				3CF828C31E4138F00075EF2B /* UserInterface.framework in Frameworks */,
			);
			runOnlyForDeploymentPostprocessing = 0;
		};
/* End PBXFrameworksBuildPhase section */

/* Begin PBXGroup section */
		3C130A3A1E66342E0052FBD0 /* PropertiesViewController */ = {
			isa = PBXGroup;
			children = (
				3C130A3B1E66342E0052FBD0 /* PropertiesViewController.swift */,
				3C130A3D1E66344D0052FBD0 /* PropertySection.swift */,
				3C130A4A1E6636300052FBD0 /* PropertyCell */,
				3C130A411E6634E20052FBD0 /* Property */,
				3C130A461E6635420052FBD0 /* PropertyAction.swift */,
				3C130A481E66357D0052FBD0 /* Properties.swift */,
			);
			path = PropertiesViewController;
			sourceTree = "<group>";
		};
		3C130A411E6634E20052FBD0 /* Property */ = {
			isa = PBXGroup;
			children = (
				3C130A421E6634E20052FBD0 /* Property.swift */,
				3C130A441E6634ED0052FBD0 /* TextProperty.swift */,
			);
			path = Property;
			sourceTree = "<group>";
		};
		3C130A4A1E6636300052FBD0 /* PropertyCell */ = {
			isa = PBXGroup;
			children = (
				3C130A4B1E66363D0052FBD0 /* PropertyCell.swift */,
				3C130A4D1E6636EB0052FBD0 /* PropertyCellRight.swift */,
				3C130A4F1E6644E40052FBD0 /* PropertyCellSubtitle.swift */,
				3C130A511E6644F50052FBD0 /* PropertyCellToggle.swift */,
				3C130A531E6645040052FBD0 /* PropertyCellText.swift */,
			);
			path = PropertyCell;
			sourceTree = "<group>";
		};
		3CF828AF1E4138F00075EF2B = {
			isa = PBXGroup;
			children = (
				3CF828BB1E4138F00075EF2B /* UserInterface */,
				3CF828C61E4138F00075EF2B /* UserInterfaceTests */,
				3CF828BA1E4138F00075EF2B /* Products */,
			);
			sourceTree = "<group>";
		};
		3CF828BA1E4138F00075EF2B /* Products */ = {
			isa = PBXGroup;
			children = (
				3CF828B91E4138F00075EF2B /* UserInterface.framework */,
				3CF828C21E4138F00075EF2B /* UserInterfaceTests.xctest */,
			);
			name = Products;
			sourceTree = "<group>";
		};
		3CF828BB1E4138F00075EF2B /* UserInterface */ = {
			isa = PBXGroup;
			children = (
				3CF829011E4140D90075EF2B /* Extension */,
				3CF829171E41410D0075EF2B /* Transition */,
				3CF829381E41450B0075EF2B /* Controller */,
				3CF8291C1E4141510075EF2B /* View */,
				3C06B6AF1F1E8F620033956D /* Themes.swift */,
				3CF828BD1E4138F00075EF2B /* Info.plist */,
				3CF5EE6F1E45103E002E23FF /* Assets.xcassets */,
			);
			path = UserInterface;
			sourceTree = "<group>";
		};
		3CF828C61E4138F00075EF2B /* UserInterfaceTests */ = {
			isa = PBXGroup;
			children = (
				3CF828C71E4138F00075EF2B /* InterfaceTests.swift */,
				3CF828C91E4138F00075EF2B /* Info.plist */,
			);
			path = UserInterfaceTests;
			sourceTree = "<group>";
		};
		3CF829011E4140D90075EF2B /* Extension */ = {
			isa = PBXGroup;
			children = (
				3CF829031E4140D90075EF2B /* UIBarButtonItem+Custom.swift */,
				3CF829041E4140D90075EF2B /* UICollectionView+Custom.swift */,
				3CF829051E4140D90075EF2B /* UIColor+Custom.swift */,
				3CF829061E4140D90075EF2B /* UIImage+Custom.swift */,
				3CF829081E4140D90075EF2B /* UITableView+Custom.swift */,
				3CF829091E4140D90075EF2B /* UIView+Custom.swift */,
				3CF8290A1E4140D90075EF2B /* UIViewController+Custom.swift */,
				3CF8290B1E4140D90075EF2B /* UIViewController+ProgressHUD.playground */,
				3CF8290C1E4140D90075EF2B /* UIViewController+ProgressHUD.swift */,
				3C38EF9D1E582C77001E6955 /* UIViewController+Empty.swift */,
				3C6BFB421F0E6A8200D938EC /* UIViewController+CheckDeallocation.swift */,
				3CD1360D1FB3FF1B00490FDA /* NSLayoutConstraint+Custom.swift */,
			);
			path = Extension;
			sourceTree = "<group>";
		};
		3CF829171E41410D0075EF2B /* Transition */ = {
			isa = PBXGroup;
			children = (
				3CF829181E41410D0075EF2B /* SOTransitionController.swift */,
				3CF829191E41410D0075EF2B /* ZoomTransition.swift */,
				3C38EF991E58032C001E6955 /* OverlayTransition.swift */,
			);
			path = Transition;
			sourceTree = "<group>";
		};
		3CF8291C1E4141510075EF2B /* View */ = {
			isa = PBXGroup;
			children = (
				3CF8291D1E4141510075EF2B /* SOBarButtonItem.swift */,
				3CF8291F1E41423A0075EF2B /* SOBorderedActionButton.swift */,
				3CF829201E41423A0075EF2B /* SOCollectionHeaderView.swift */,
				3CF829341E41430E0075EF2B /* SOCollectionViewCell.swift */,
				3C7051F11F68B6E600B139B7 /* SOCollectionReusableView.swift */,
				3CF829221E41423A0075EF2B /* SOCollectionViewFlowLayout.swift */,
				3CF829231E41423A0075EF2B /* SOCollectionViewHolderCell.swift */,
				3CF829241E41423A0075EF2B /* SOFullscreenTitleView.swift */,
				3CF829251E41423A0075EF2B /* SORoundedButtonCell.swift */,
				3CF829361E4143110075EF2B /* SOTableViewCell.swift */,
				3C130A381E66241C0052FBD0 /* SOAlertView.swift */,
				3CF3ACF41E9F317800922D03 /* SOSearchFilterView.swift */,
				3C02AEDF1FA30B5D0053C191 /* SOEmptyCell.swift */,
			);
			path = View;
			sourceTree = "<group>";
		};
		3CF829381E41450B0075EF2B /* Controller */ = {
			isa = PBXGroup;
			children = (
				3C130A3A1E66342E0052FBD0 /* PropertiesViewController */,
				3CF8293D1E4147EB0075EF2B /* PickerAlertController.swift */,
				3CF829071E4140D90075EF2B /* SONavigationController.swift */,
				3CF829391E41450B0075EF2B /* SOViewController.swift */,
				3CF5EE6D1E450F11002E23FF /* TabViewController.swift */,
				3C9135CA1F1E9C6F00523334 /* SOTableViewController.swift */,
				3CECC0A81FAAC5D5002E44D5 /* DraggableSplitViewController.swift */,
				3CECC0AA1FAAD5D9002E44D5 /* DraggableSplitViewController.playground */,
				3CC722011F1FBCA600CFDC1A /* AcknowledgementsViewController.swift */,
			);
			path = Controller;
			sourceTree = "<group>";
		};
/* End PBXGroup section */

/* Begin PBXHeadersBuildPhase section */
		3CF828B61E4138F00075EF2B /* Headers */ = {
			isa = PBXHeadersBuildPhase;
			buildActionMask = 2147483647;
			files = (
			);
			runOnlyForDeploymentPostprocessing = 0;
		};
/* End PBXHeadersBuildPhase section */

/* Begin PBXNativeTarget section */
		3CF828B81E4138F00075EF2B /* UserInterface */ = {
			isa = PBXNativeTarget;
			buildConfigurationList = 3CF828CD1E4138F00075EF2B /* Build configuration list for PBXNativeTarget "UserInterface" */;
			buildPhases = (
				3CF828B41E4138F00075EF2B /* Sources */,
				3CF828B51E4138F00075EF2B /* Frameworks */,
				3CF828B61E4138F00075EF2B /* Headers */,
				3CF828B71E4138F00075EF2B /* Resources */,
			);
			buildRules = (
			);
			dependencies = (
			);
			name = UserInterface;
			productName = Interface;
			productReference = 3CF828B91E4138F00075EF2B /* UserInterface.framework */;
			productType = "com.apple.product-type.framework";
		};
		3CF828C11E4138F00075EF2B /* UserInterfaceTests */ = {
			isa = PBXNativeTarget;
			buildConfigurationList = 3CF828D01E4138F00075EF2B /* Build configuration list for PBXNativeTarget "UserInterfaceTests" */;
			buildPhases = (
				3CF828BE1E4138F00075EF2B /* Sources */,
				3CF828BF1E4138F00075EF2B /* Frameworks */,
				3CF828C01E4138F00075EF2B /* Resources */,
			);
			buildRules = (
			);
			dependencies = (
				3CF828C51E4138F00075EF2B /* PBXTargetDependency */,
			);
			name = UserInterfaceTests;
			productName = InterfaceTests;
			productReference = 3CF828C21E4138F00075EF2B /* UserInterfaceTests.xctest */;
			productType = "com.apple.product-type.bundle.unit-test";
		};
/* End PBXNativeTarget section */

/* Begin PBXProject section */
		3CF828B01E4138F00075EF2B /* Project object */ = {
			isa = PBXProject;
			attributes = {
				LastSwiftUpdateCheck = 0820;
				LastUpgradeCheck = 0900;
				ORGANIZATIONNAME = "Ian McDowell";
				TargetAttributes = {
					3CF828B81E4138F00075EF2B = {
						CreatedOnToolsVersion = 8.2.1;
						DevelopmentTeam = A8DZBD3K9C;
						LastSwiftMigration = 0900;
						ProvisioningStyle = Automatic;
					};
					3CF828C11E4138F00075EF2B = {
						CreatedOnToolsVersion = 8.2.1;
						DevelopmentTeam = A8DZBD3K9C;
						ProvisioningStyle = Automatic;
					};
				};
			};
			buildConfigurationList = 3CF828B31E4138F00075EF2B /* Build configuration list for PBXProject "UserInterface" */;
			compatibilityVersion = "Xcode 3.2";
			developmentRegion = English;
			hasScannedForEncodings = 0;
			knownRegions = (
				en,
			);
			mainGroup = 3CF828AF1E4138F00075EF2B;
			productRefGroup = 3CF828BA1E4138F00075EF2B /* Products */;
			projectDirPath = "";
			projectRoot = "";
			targets = (
				3CF828B81E4138F00075EF2B /* UserInterface */,
				3CF828C11E4138F00075EF2B /* UserInterfaceTests */,
			);
		};
/* End PBXProject section */

/* Begin PBXResourcesBuildPhase section */
		3CF828B71E4138F00075EF2B /* Resources */ = {
			isa = PBXResourcesBuildPhase;
			buildActionMask = 2147483647;
			files = (
				3CF5EE701E45103E002E23FF /* Assets.xcassets in Resources */,
			);
			runOnlyForDeploymentPostprocessing = 0;
		};
		3CF828C01E4138F00075EF2B /* Resources */ = {
			isa = PBXResourcesBuildPhase;
			buildActionMask = 2147483647;
			files = (
			);
			runOnlyForDeploymentPostprocessing = 0;
		};
/* End PBXResourcesBuildPhase section */

/* Begin PBXSourcesBuildPhase section */
		3CF828B41E4138F00075EF2B /* Sources */ = {
			isa = PBXSourcesBuildPhase;
			buildActionMask = 2147483647;
			files = (
				3C6BFB431F0E6A8200D938EC /* UIViewController+CheckDeallocation.swift in Sources */,
				3CF829371E4143110075EF2B /* SOTableViewCell.swift in Sources */,
				3CECC0A91FAAC5D6002E44D5 /* DraggableSplitViewController.swift in Sources */,
				3CF8293A1E41450B0075EF2B /* SOViewController.swift in Sources */,
				3CF829131E4140D90075EF2B /* UITableView+Custom.swift in Sources */,
				3CF8293E1E4147EB0075EF2B /* PickerAlertController.swift in Sources */,
				3CF829161E4140D90075EF2B /* UIViewController+ProgressHUD.swift in Sources */,
				3CF8291B1E41410D0075EF2B /* ZoomTransition.swift in Sources */,
				3CF829121E4140D90075EF2B /* SONavigationController.swift in Sources */,
				3CF8292A1E41423A0075EF2B /* SOCollectionViewFlowLayout.swift in Sources */,
				3CF8290E1E4140D90075EF2B /* UIBarButtonItem+Custom.swift in Sources */,
				3CF8291E1E4141510075EF2B /* SOBarButtonItem.swift in Sources */,
				3CF829151E4140D90075EF2B /* UIViewController+Custom.swift in Sources */,
				3C130A4C1E66363D0052FBD0 /* PropertyCell.swift in Sources */,
				3C66F7701F1E937900284ED4 /* Themes.swift in Sources */,
				3C130A431E6634E20052FBD0 /* Property.swift in Sources */,
				3CF829281E41423A0075EF2B /* SOCollectionHeaderView.swift in Sources */,
				3CF8292B1E41423A0075EF2B /* SOCollectionViewHolderCell.swift in Sources */,
				3C130A451E6634ED0052FBD0 /* TextProperty.swift in Sources */,
				3CF829101E4140D90075EF2B /* UIColor+Custom.swift in Sources */,
				3CD1360E1FB3FF1B00490FDA /* NSLayoutConstraint+Custom.swift in Sources */,
				3C38EF9A1E58032C001E6955 /* OverlayTransition.swift in Sources */,
				3C130A471E6635420052FBD0 /* PropertyAction.swift in Sources */,
				3C02AEE01FA30B5D0053C191 /* SOEmptyCell.swift in Sources */,
				3C130A4E1E6636EB0052FBD0 /* PropertyCellRight.swift in Sources */,
				3CF8291A1E41410D0075EF2B /* SOTransitionController.swift in Sources */,
				3CF829271E41423A0075EF2B /* SOBorderedActionButton.swift in Sources */,
				3CF829141E4140D90075EF2B /* UIView+Custom.swift in Sources */,
				3C130A3C1E66342E0052FBD0 /* PropertiesViewController.swift in Sources */,
				3C130A541E6645040052FBD0 /* PropertyCellText.swift in Sources */,
				3CF829111E4140D90075EF2B /* UIImage+Custom.swift in Sources */,
				3C130A391E66241C0052FBD0 /* SOAlertView.swift in Sources */,
				3C130A3E1E66344D0052FBD0 /* PropertySection.swift in Sources */,
				3CF3ACF51E9F317800922D03 /* SOSearchFilterView.swift in Sources */,
				3CF8292C1E41423A0075EF2B /* SOFullscreenTitleView.swift in Sources */,
				3C9135CB1F1E9C6F00523334 /* SOTableViewController.swift in Sources */,
				3C130A521E6644F50052FBD0 /* PropertyCellToggle.swift in Sources */,
				3CF5EE6E1E450F11002E23FF /* TabViewController.swift in Sources */,
				3CF8290F1E4140D90075EF2B /* UICollectionView+Custom.swift in Sources */,
				3CF829351E41430E0075EF2B /* SOCollectionViewCell.swift in Sources */,
				3C130A491E66357D0052FBD0 /* Properties.swift in Sources */,
				3C38EF9E1E582C77001E6955 /* UIViewController+Empty.swift in Sources */,
				3C130A501E6644E40052FBD0 /* PropertyCellSubtitle.swift in Sources */,
				3CF8292D1E41423A0075EF2B /* SORoundedButtonCell.swift in Sources */,
				3C7051F21F68B6E600B139B7 /* SOCollectionReusableView.swift in Sources */,
				3CC722021F1FBCA600CFDC1A /* AcknowledgementsViewController.swift in Sources */,
			);
			runOnlyForDeploymentPostprocessing = 0;
		};
		3CF828BE1E4138F00075EF2B /* Sources */ = {
			isa = PBXSourcesBuildPhase;
			buildActionMask = 2147483647;
			files = (
				3CF828C81E4138F00075EF2B /* InterfaceTests.swift in Sources */,
			);
			runOnlyForDeploymentPostprocessing = 0;
		};
/* End PBXSourcesBuildPhase section */

/* Begin PBXTargetDependency section */
		3CF828C51E4138F00075EF2B /* PBXTargetDependency */ = {
			isa = PBXTargetDependency;
			target = 3CF828B81E4138F00075EF2B /* UserInterface */;
			targetProxy = 3CF828C41E4138F00075EF2B /* PBXContainerItemProxy */;
		};
/* End PBXTargetDependency section */

/* Begin XCBuildConfiguration section */
		3CF828CB1E4138F00075EF2B /* Debug */ = {
			isa = XCBuildConfiguration;
			buildSettings = {
				ALWAYS_SEARCH_USER_PATHS = NO;
				CLANG_ANALYZER_NONNULL = YES;
				CLANG_CXX_LANGUAGE_STANDARD = "gnu++0x";
				CLANG_CXX_LIBRARY = "libc++";
				CLANG_ENABLE_MODULES = YES;
				CLANG_ENABLE_OBJC_ARC = YES;
				CLANG_WARN_BLOCK_CAPTURE_AUTORELEASING = YES;
				CLANG_WARN_BOOL_CONVERSION = YES;
				CLANG_WARN_COMMA = YES;
				CLANG_WARN_CONSTANT_CONVERSION = YES;
				CLANG_WARN_DIRECT_OBJC_ISA_USAGE = YES_ERROR;
				CLANG_WARN_DOCUMENTATION_COMMENTS = YES;
				CLANG_WARN_EMPTY_BODY = YES;
				CLANG_WARN_ENUM_CONVERSION = YES;
				CLANG_WARN_INFINITE_RECURSION = YES;
				CLANG_WARN_INT_CONVERSION = YES;
				CLANG_WARN_NON_LITERAL_NULL_CONVERSION = YES;
				CLANG_WARN_OBJC_LITERAL_CONVERSION = YES;
				CLANG_WARN_OBJC_ROOT_CLASS = YES_ERROR;
				CLANG_WARN_RANGE_LOOP_ANALYSIS = YES;
				CLANG_WARN_STRICT_PROTOTYPES = YES;
				CLANG_WARN_SUSPICIOUS_MOVE = YES;
				CLANG_WARN_UNREACHABLE_CODE = YES;
				CLANG_WARN__DUPLICATE_METHOD_MATCH = YES;
				"CODE_SIGN_IDENTITY[sdk=iphoneos*]" = "iPhone Developer";
				COPY_PHASE_STRIP = NO;
				CURRENT_PROJECT_VERSION = 1;
				DEBUG_INFORMATION_FORMAT = "dwarf-with-dsym";
				ENABLE_STRICT_OBJC_MSGSEND = YES;
				ENABLE_TESTABILITY = YES;
				GCC_C_LANGUAGE_STANDARD = gnu99;
				GCC_DYNAMIC_NO_PIC = NO;
				GCC_NO_COMMON_BLOCKS = YES;
				GCC_OPTIMIZATION_LEVEL = 0;
				GCC_PREPROCESSOR_DEFINITIONS = (
					"DEBUG=1",
					"$(inherited)",
				);
				GCC_WARN_64_TO_32_BIT_CONVERSION = YES;
				GCC_WARN_ABOUT_RETURN_TYPE = YES_ERROR;
				GCC_WARN_UNDECLARED_SELECTOR = YES;
				GCC_WARN_UNINITIALIZED_AUTOS = YES_AGGRESSIVE;
				GCC_WARN_UNUSED_FUNCTION = YES;
				GCC_WARN_UNUSED_VARIABLE = YES;
				IPHONEOS_DEPLOYMENT_TARGET = 11;
				MTL_ENABLE_DEBUG_INFO = YES;
				ONLY_ACTIVE_ARCH = YES;
				SDKROOT = iphoneos;
				SWIFT_ACTIVE_COMPILATION_CONDITIONS = DEBUG;
				SWIFT_OPTIMIZATION_LEVEL = "-Onone";
				TARGETED_DEVICE_FAMILY = "1,2";
				VERSIONING_SYSTEM = "apple-generic";
				VERSION_INFO_PREFIX = "";
			};
			name = Debug;
		};
		3CF828CC1E4138F00075EF2B /* Release */ = {
			isa = XCBuildConfiguration;
			buildSettings = {
				ALWAYS_SEARCH_USER_PATHS = NO;
				CLANG_ANALYZER_NONNULL = YES;
				CLANG_CXX_LANGUAGE_STANDARD = "gnu++0x";
				CLANG_CXX_LIBRARY = "libc++";
				CLANG_ENABLE_MODULES = YES;
				CLANG_ENABLE_OBJC_ARC = YES;
				CLANG_WARN_BLOCK_CAPTURE_AUTORELEASING = YES;
				CLANG_WARN_BOOL_CONVERSION = YES;
				CLANG_WARN_COMMA = YES;
				CLANG_WARN_CONSTANT_CONVERSION = YES;
				CLANG_WARN_DIRECT_OBJC_ISA_USAGE = YES_ERROR;
				CLANG_WARN_DOCUMENTATION_COMMENTS = YES;
				CLANG_WARN_EMPTY_BODY = YES;
				CLANG_WARN_ENUM_CONVERSION = YES;
				CLANG_WARN_INFINITE_RECURSION = YES;
				CLANG_WARN_INT_CONVERSION = YES;
				CLANG_WARN_NON_LITERAL_NULL_CONVERSION = YES;
				CLANG_WARN_OBJC_LITERAL_CONVERSION = YES;
				CLANG_WARN_OBJC_ROOT_CLASS = YES_ERROR;
				CLANG_WARN_RANGE_LOOP_ANALYSIS = YES;
				CLANG_WARN_STRICT_PROTOTYPES = YES;
				CLANG_WARN_SUSPICIOUS_MOVE = YES;
				CLANG_WARN_UNREACHABLE_CODE = YES;
				CLANG_WARN__DUPLICATE_METHOD_MATCH = YES;
				"CODE_SIGN_IDENTITY[sdk=iphoneos*]" = "iPhone Developer";
				COPY_PHASE_STRIP = NO;
				CURRENT_PROJECT_VERSION = 1;
				DEBUG_INFORMATION_FORMAT = "dwarf-with-dsym";
				ENABLE_NS_ASSERTIONS = NO;
				ENABLE_STRICT_OBJC_MSGSEND = YES;
				GCC_C_LANGUAGE_STANDARD = gnu99;
				GCC_NO_COMMON_BLOCKS = YES;
				GCC_WARN_64_TO_32_BIT_CONVERSION = YES;
				GCC_WARN_ABOUT_RETURN_TYPE = YES_ERROR;
				GCC_WARN_UNDECLARED_SELECTOR = YES;
				GCC_WARN_UNINITIALIZED_AUTOS = YES_AGGRESSIVE;
				GCC_WARN_UNUSED_FUNCTION = YES;
				GCC_WARN_UNUSED_VARIABLE = YES;
				IPHONEOS_DEPLOYMENT_TARGET = 11;
				MTL_ENABLE_DEBUG_INFO = NO;
				SDKROOT = iphoneos;
				SWIFT_OPTIMIZATION_LEVEL = "-Owholemodule";
				TARGETED_DEVICE_FAMILY = "1,2";
				VALIDATE_PRODUCT = YES;
				VERSIONING_SYSTEM = "apple-generic";
				VERSION_INFO_PREFIX = "";
			};
			name = Release;
		};
		3CF828CE1E4138F00075EF2B /* Debug */ = {
			isa = XCBuildConfiguration;
			buildSettings = {
				APPLICATION_EXTENSION_API_ONLY = YES;
				CODE_SIGN_IDENTITY = "";
				DEFINES_MODULE = YES;
				DEVELOPMENT_TEAM = A8DZBD3K9C;
				DYLIB_COMPATIBILITY_VERSION = 1;
				DYLIB_CURRENT_VERSION = 1;
				DYLIB_INSTALL_NAME_BASE = "@rpath";
				INFOPLIST_FILE = UserInterface/Info.plist;
				INSTALL_PATH = "$(LOCAL_LIBRARY_DIR)/Frameworks";
				LD_RUNPATH_SEARCH_PATHS = "$(inherited) @executable_path/Frameworks @loader_path/Frameworks";
				PRODUCT_BUNDLE_IDENTIFIER = net.ianmcdowell.UserInterface;
				PRODUCT_NAME = "$(TARGET_NAME)";
				SKIP_INSTALL = YES;
				SWIFT_VERSION = 4.0;
			};
			name = Debug;
		};
		3CF828CF1E4138F00075EF2B /* Release */ = {
			isa = XCBuildConfiguration;
			buildSettings = {
				APPLICATION_EXTENSION_API_ONLY = YES;
				CODE_SIGN_IDENTITY = "";
				DEFINES_MODULE = YES;
				DEVELOPMENT_TEAM = A8DZBD3K9C;
				DYLIB_COMPATIBILITY_VERSION = 1;
				DYLIB_CURRENT_VERSION = 1;
				DYLIB_INSTALL_NAME_BASE = "@rpath";
				INFOPLIST_FILE = UserInterface/Info.plist;
				INSTALL_PATH = "$(LOCAL_LIBRARY_DIR)/Frameworks";
				LD_RUNPATH_SEARCH_PATHS = "$(inherited) @executable_path/Frameworks @loader_path/Frameworks";
				PRODUCT_BUNDLE_IDENTIFIER = net.ianmcdowell.UserInterface;
				PRODUCT_NAME = "$(TARGET_NAME)";
				SKIP_INSTALL = YES;
				SWIFT_VERSION = 4.0;
			};
			name = Release;
		};
		3CF828D11E4138F00075EF2B /* Debug */ = {
			isa = XCBuildConfiguration;
			buildSettings = {
				ALWAYS_EMBED_SWIFT_STANDARD_LIBRARIES = YES;
				DEVELOPMENT_TEAM = A8DZBD3K9C;
				INFOPLIST_FILE = InterfaceTests/Info.plist;
				LD_RUNPATH_SEARCH_PATHS = "$(inherited) @executable_path/Frameworks @loader_path/Frameworks";
				PRODUCT_BUNDLE_IDENTIFIER = net.ianmcdowell.InterfaceTests;
				PRODUCT_NAME = "$(TARGET_NAME)";
				SWIFT_VERSION = 3.0;
			};
			name = Debug;
		};
		3CF828D21E4138F00075EF2B /* Release */ = {
			isa = XCBuildConfiguration;
			buildSettings = {
				ALWAYS_EMBED_SWIFT_STANDARD_LIBRARIES = YES;
				DEVELOPMENT_TEAM = A8DZBD3K9C;
				INFOPLIST_FILE = InterfaceTests/Info.plist;
				LD_RUNPATH_SEARCH_PATHS = "$(inherited) @executable_path/Frameworks @loader_path/Frameworks";
				PRODUCT_BUNDLE_IDENTIFIER = net.ianmcdowell.InterfaceTests;
				PRODUCT_NAME = "$(TARGET_NAME)";
				SWIFT_VERSION = 3.0;
			};
			name = Release;
		};
/* End XCBuildConfiguration section */

/* Begin XCConfigurationList section */
		3CF828B31E4138F00075EF2B /* Build configuration list for PBXProject "UserInterface" */ = {
			isa = XCConfigurationList;
			buildConfigurations = (
				3CF828CB1E4138F00075EF2B /* Debug */,
				3CF828CC1E4138F00075EF2B /* Release */,
			);
			defaultConfigurationIsVisible = 0;
			defaultConfigurationName = Release;
		};
		3CF828CD1E4138F00075EF2B /* Build configuration list for PBXNativeTarget "UserInterface" */ = {
			isa = XCConfigurationList;
			buildConfigurations = (
				3CF828CE1E4138F00075EF2B /* Debug */,
				3CF828CF1E4138F00075EF2B /* Release */,
			);
			defaultConfigurationIsVisible = 0;
			defaultConfigurationName = Release;
		};
		3CF828D01E4138F00075EF2B /* Build configuration list for PBXNativeTarget "UserInterfaceTests" */ = {
			isa = XCConfigurationList;
			buildConfigurations = (
				3CF828D11E4138F00075EF2B /* Debug */,
				3CF828D21E4138F00075EF2B /* Release */,
			);
			defaultConfigurationIsVisible = 0;
			defaultConfigurationName = Release;
		};
/* End XCConfigurationList section */
	};
	rootObject = 3CF828B01E4138F00075EF2B /* Project object */;
}
